
Microsoft Visual Studio Solution File, Format Version 12.00
# Visual Studio 15
VisualStudioVersion = 15.0.28307.489
MinimumVisualStudioVersion = 10.0.40219.1
Project("{F184B08F-C81C-45F6-A57F-5ABD9991F28F}") = "笔算天天练", "笔算天天练.vbproj", "{AF527F93-AB2F-43D3-B9B9-B119C1261DFF}"
EndProject
Global
	GlobalSection(SolutionConfigurationPlatforms) = preSolution
		Debug|Any CPU = Debug|Any CPU
		Release|Any CPU = Release|Any CPU
	EndGlobalSection
	GlobalSection(ProjectConfigurationPlatforms) = postSolution
		{AF527F93-AB2F-43D3-B9B9-B119C1261DFF}.Debug|Any CPU.ActiveCfg = Debug|Any CPU
		{AF527F93-AB2F-43D3-B9B9-B119C1261DFF}.Debug|Any CPU.Build.0 = Debug|Any CPU
		{AF527F93-AB2F-43D3-B9B9-B119C1261DFF}.Release|Any CPU.ActiveCfg = Release|Any CPU
		{AF527F93-AB2F-43D3-B9B9-B119C1261DFF}.Release|Any CPU.Build.0 = Release|Any CPU
	EndGlobalSection
	GlobalSection(SolutionProperties) = preSolution
		HideSolutionNode = FALSE
	EndGlobalSection
	GlobalSection(ExtensibilityGlobals) = postSolution
		SolutionGuid = {A72101FB-B420-416B-A125-6C03949C13C5}
	EndGlobalSection
EndGlobal
